<?xml version="1.0" encoding="utf-8"?>
<Project ToolsVersion="4.0" xmlns="http://schemas.microsoft.com/developer/msbuild/2003">
  <ItemGroup>
    <Filter Include="Source Files">
      <UniqueIdentifier>{4FC737F1-C7A5-4376-A066-2A32D752A2FF}</UniqueIdentifier>
      <Extensions>cpp;c;cc;cxx;c++;cppm;ixx;def;odl;idl;hpj;bat;asm;asmx</Extensions>
    </Filter>
    <Filter Include="Header Files">
      <UniqueIdentifier>{93995380-89BD-4b04-88EB-625FBE52EBFB}</UniqueIdentifier>
      <Extensions>h;hh;hpp;hxx;h++;hm;inl;inc;ipp;xsd</Extensions>
    </Filter>
    <Filter Include="Resource Files">
      <UniqueIdentifier>{67DA6AB6-F800-4c08-8B7A-83BB121AAD01}</UniqueIdentifier>
      <Extensions>rc;ico;cur;bmp;dlg;rc2;rct;bin;rgs;gif;jpg;jpeg;jpe;resx;tiff;tif;png;wav;mfcribbon-ms</Extensions>
    </Filter>
    <Filter Include="Bindable">
      <UniqueIdentifier>{260a2c9b-c86d-4351-9113-e1e2d74d93c6}</UniqueIdentifier>
    </Filter>
    <Filter Include="Drawable">
      <UniqueIdentifier>{5dae98d1-c728-4c3d-b85f-b1814dfb4d61}</UniqueIdentifier>
    </Filter>
    <Filter Include="Shaders">
      <UniqueIdentifier>{33f39f9f-18e6-4eac-b9a3-a3923afb3fe1}</UniqueIdentifier>
    </Filter>
    <Filter Include="Drawable\header">
      <UniqueIdentifier>{7c75d864-459b-4145-b4f2-29d7d3def240}</UniqueIdentifier>
    </Filter>
    <Filter Include="Drawable\source">
      <UniqueIdentifier>{79c07c26-0833-4315-a887-39061ddbc818}</UniqueIdentifier>
    </Filter>
    <Filter Include="ImGui">
      <UniqueIdentifier>{005a5562-0971-4cf7-9a0d-50d5d88577d2}</UniqueIdentifier>
    </Filter>
    <Filter Include="DataStructure">
      <UniqueIdentifier>{36c76b06-cb4e-47cb-b8dc-c634703c1bf7}</UniqueIdentifier>
    </Filter>
  </ItemGroup>
  <ItemGroup>
    <ClInclude Include="ImGui\imconfig.h">
      <Filter>ImGui</Filter>
    </ClInclude>
    <ClInclude Include="ImGui\imgui.h">
      <Filter>ImGui</Filter>
    </ClInclude>
    <ClInclude Include="ImGui\imgui_impl_dx11.h">
      <Filter>ImGui</Filter>
    </ClInclude>
    <ClInclude Include="ImGui\imgui_impl_win32.h">
      <Filter>ImGui</Filter>
    </ClInclude>
    <ClInclude Include="ImGui\imgui_internal.h">
      <Filter>ImGui</Filter>
    </ClInclude>
    <ClInclude Include="ImGui\imstb_rectpack.h">
      <Filter>ImGui</Filter>
    </ClInclude>
    <ClInclude Include="ImGui\imstb_textedit.h">
      <Filter>ImGui</Filter>
    </ClInclude>
    <ClInclude Include="ImGui\imstb_truetype.h">
      <Filter>ImGui</Filter>
    </ClInclude>
    <ClInclude Include="headers\App.h">
      <Filter>Header Files</Filter>
    </ClInclude>
    <ClInclude Include="headers\Events.h">
      <Filter>Header Files</Filter>
    </ClInclude>
    <ClInclude Include="headers\Graphics.h">
      <Filter>Header Files</Filter>
    </ClInclude>
    <ClInclude Include="headers\List.h">
      <Filter>Header Files</Filter>
    </ClInclude>
    <ClInclude Include="headers\mndErrors.h">
      <Filter>Header Files</Filter>
    </ClInclude>
    <ClInclude Include="headers\mndWindow.h">
      <Filter>Header Files</Filter>
    </ClInclude>
    <ClInclude Include="headers\WindowClass.h">
      <Filter>Header Files</Filter>
    </ClInclude>
    <ClInclude Include="headers\CBuffer.h">
      <Filter>Bindable</Filter>
    </ClInclude>
    <ClInclude Include="headers\constantBuffer.h">
      <Filter>Bindable</Filter>
    </ClInclude>
    <ClInclude Include="headers\Bindable.h">
      <Filter>Bindable</Filter>
    </ClInclude>
    <ClInclude Include="headers\IndexBuffer.h">
      <Filter>Bindable</Filter>
    </ClInclude>
    <ClInclude Include="headers\InputLayout.h">
      <Filter>Bindable</Filter>
    </ClInclude>
    <ClInclude Include="headers\VertexBuffer.h">
      <Filter>Bindable</Filter>
    </ClInclude>
    <ClInclude Include="headers\VertexShader.h">
      <Filter>Bindable</Filter>
    </ClInclude>
    <ClInclude Include="headers\Light.h">
      <Filter>Header Files</Filter>
    </ClInclude>
    <ClInclude Include="headers\PrimativeTopology.h">
      <Filter>Bindable</Filter>
    </ClInclude>
    <ClInclude Include="headers\PixelShader.h">
      <Filter>Bindable</Filter>
    </ClInclude>
    <ClInclude Include="headers\ObjModel.h">
      <Filter>Drawable\header</Filter>
    </ClInclude>
    <ClInclude Include="headers\Drawable.h">
      <Filter>Drawable\header</Filter>
    </ClInclude>
    <ClInclude Include="headers\AugmantedTree.h">
      <Filter>DataStructure</Filter>
    </ClInclude>
    <ClInclude Include="headers\DataStructures.h">
      <Filter>DataStructure</Filter>
    </ClInclude>
    <ClInclude Include="headers\DoubleLinkedList.h">
      <Filter>DataStructure</Filter>
    </ClInclude>
    <ClInclude Include="Headers\mstring.h">
      <Filter>DataStructure</Filter>
    </ClInclude>
    <ClInclude Include="headers\SingleLinkedList.h">
      <Filter>DataStructure</Filter>
    </ClInclude>
    <ClInclude Include="headers\Prism.h">
      <Filter>Drawable\header</Filter>
    </ClInclude>
  </ItemGroup>
  <ItemGroup>
    <ClCompile Include="src\Events.cpp">
      <Filter>Source Files</Filter>
    </ClCompile>
    <ClCompile Include="src\Graphics.cpp">
      <Filter>Source Files</Filter>
    </ClCompile>
    <ClCompile Include="src\Window.cpp">
      <Filter>Source Files</Filter>
    </ClCompile>
    <ClCompile Include="src\Errors.cpp">
      <Filter>Source Files</Filter>
    </ClCompile>
    <ClCompile Include="src\main.cpp">
      <Filter>Source Files</Filter>
    </ClCompile>
    <ClCompile Include="ImGui\imgui.cpp">
      <Filter>ImGui</Filter>
    </ClCompile>
    <ClCompile Include="ImGui\imgui_demo.cpp">
      <Filter>ImGui</Filter>
    </ClCompile>
    <ClCompile Include="ImGui\imgui_draw.cpp">
      <Filter>ImGui</Filter>
    </ClCompile>
    <ClCompile Include="ImGui\imgui_impl_dx11.cpp">
      <Filter>ImGui</Filter>
    </ClCompile>
    <ClCompile Include="ImGui\imgui_impl_win32.cpp">
      <Filter>ImGui</Filter>
    </ClCompile>
    <ClCompile Include="ImGui\imgui_tables.cpp">
      <Filter>ImGui</Filter>
    </ClCompile>
    <ClCompile Include="ImGui\imgui_widgets.cpp">
      <Filter>ImGui</Filter>
    </ClCompile>
    <ClCompile Include="src\Light.cpp">
      <Filter>Source Files</Filter>
    </ClCompile>
    <ClCompile Include="src\App.cpp">
      <Filter>Source Files</Filter>
    </ClCompile>
    <ClCompile Include="src\ObjModel.cpp">
      <Filter>Drawable\source</Filter>
    </ClCompile>
    <ClCompile Include="src\Drawable.cpp">
      <Filter>Drawable\source</Filter>
    </ClCompile>
    <ClCompile Include="src\AgumantedTree.cpp">
      <Filter>DataStructure</Filter>
    </ClCompile>
    <ClCompile Include="src\DataStructures.cpp">
      <Filter>DataStructure</Filter>
    </ClCompile>
    <ClCompile Include="src\DoubleLinkedList.cpp">
      <Filter>DataStructure</Filter>
    </ClCompile>
    <ClCompile Include="src\SingleLinkedList.cpp">
      <Filter>DataStructure</Filter>
    </ClCompile>
    <ClCompile Include="src\mstring.cpp">
      <Filter>DataStructure</Filter>
    </ClCompile>
    <ClCompile Include="src\Prism.cpp">
      <Filter>Drawable\source</Filter>
    </ClCompile>
  </ItemGroup>
  <ItemGroup>
    <FxCompile Include="shaders\AssPixelShader.hlsl">
      <Filter>Shaders</Filter>
    </FxCompile>
    <FxCompile Include="shaders\AssVertexShader.hlsl">
      <Filter>Shaders</Filter>
    </FxCompile>
  </ItemGroup>
  <ItemGroup>
    <None Include="imgui.ini" />
  </ItemGroup>
</Project>